github.com/safchain/ethtool v0.3.1-0.20231027162144-83e5e0097c91 h1:q815fjV3G+4JvXNo2VwT2m+/msMU0sUkCK68CgHV9Y8=
github.com/safchain/ethtool v0.3.1-0.20231027162144-83e5e0097c91/go.mod h1:qIWCTaK0xQlXNlNlIVoZjKMZFopqfMZcg4JcRqGoYc0=
github.com/safchain/ethtool v0.5.10 h1:Im294gZtuf4pSGJRAOGKaASNi3wMeFaGaWuSaomedpc=
github.com/safchain/ethtool v0.5.10/go.mod h1:w9jh2Lx7YBR4UwzLkzCmWl85UY0W2uZdd7/DckVE5+c=
golang.org/x/sys v0.13.0/go.mod h1:oPkhp1MJrh7nUepCBck5+mAzfO9JrbApNNgaTdGDITg=
golang.org/x/sys v0.29.0 h1:TPYlXGxvx1MGTn2GiZDhnjPA9wZzZeGKHHmKhHYvgaU=
golang.org/x/sys v0.29.0/go.mod h1:/VUhepiaJMQUp4+oa/7Zr1D23ma6VTLIYjOOTFZPUcA=
